
Microsoft Visual Studio Solution File, Format Version 12.00
# Visual Studio Version 16
VisualStudioVersion = 16.0.29009.5
MinimumVisualStudioVersion = 10.0.40219.1
Project("{9A19103F-16F7-4668-BE54-9A1E7A4F7556}") = "TestableHttp", "TestableHttp\TestableHttp.csproj", "{9EF29D21-5F09-4F79-898C-2B69BF72EF50}"
EndProject
Project("{9A19103F-16F7-4668-BE54-9A1E7A4F7556}") = "TestableHttp.IntegrationTests", "TestableHttp.IntegrationTests\TestableHttp.IntegrationTests.csproj", "{83F9D3FB-1C50-498C-9333-91EED2C44E75}"
EndProject
Project("{9A19103F-16F7-4668-BE54-9A1E7A4F7556}") = "TestableHttp.UnitTests", "TestableHttp.UnitTests\TestableHttp.UnitTests.csproj", "{FEE3433B-4BB1-493B-BEC9-D52D03C89ACF}"
EndProject
Global
	GlobalSection(SolutionConfigurationPlatforms) = preSolution
		Debug|Any CPU = Debug|Any CPU
		Release|Any CPU = Release|Any CPU
	EndGlobalSection
	GlobalSection(ProjectConfigurationPlatforms) = postSolution
		{9EF29D21-5F09-4F79-898C-2B69BF72EF50}.Debug|Any CPU.ActiveCfg = Debug|Any CPU
		{9EF29D21-5F09-4F79-898C-2B69BF72EF50}.Debug|Any CPU.Build.0 = Debug|Any CPU
		{9EF29D21-5F09-4F79-898C-2B69BF72EF50}.Release|Any CPU.ActiveCfg = Release|Any CPU
		{9EF29D21-5F09-4F79-898C-2B69BF72EF50}.Release|Any CPU.Build.0 = Release|Any CPU
		{83F9D3FB-1C50-498C-9333-91EED2C44E75}.Debug|Any CPU.ActiveCfg = Debug|Any CPU
		{83F9D3FB-1C50-498C-9333-91EED2C44E75}.Debug|Any CPU.Build.0 = Debug|Any CPU
		{83F9D3FB-1C50-498C-9333-91EED2C44E75}.Release|Any CPU.ActiveCfg = Release|Any CPU
		{83F9D3FB-1C50-498C-9333-91EED2C44E75}.Release|Any CPU.Build.0 = Release|Any CPU
		{FEE3433B-4BB1-493B-BEC9-D52D03C89ACF}.Debug|Any CPU.ActiveCfg = Debug|Any CPU
		{FEE3433B-4BB1-493B-BEC9-D52D03C89ACF}.Debug|Any CPU.Build.0 = Debug|Any CPU
		{FEE3433B-4BB1-493B-BEC9-D52D03C89ACF}.Release|Any CPU.ActiveCfg = Release|Any CPU
		{FEE3433B-4BB1-493B-BEC9-D52D03C89ACF}.Release|Any CPU.Build.0 = Release|Any CPU
	EndGlobalSection
	GlobalSection(SolutionProperties) = preSolution
		HideSolutionNode = FALSE
	EndGlobalSection
	GlobalSection(ExtensibilityGlobals) = postSolution
		SolutionGuid = {C8FA82AA-3EF9-4373-A555-2790F919D91E}
	EndGlobalSection
EndGlobal
